{
  "nodes": {
    "dlang-nix": {
      "inputs": {
        "flake-compat": [
          "flake-compat"
        ],
        "flake-parts": [
          "flake-parts"
        ],
        "git-hooks-nix": [
          "git-hooks-nix"
        ],
        "nixpkgs": "nixpkgs",
        "nixpkgs-wasm": "nixpkgs-wasm",
        "wasm-component-ld": "wasm-component-ld"
      },
      "locked": {
        "lastModified": 1785430409,
        "narHash": "sha256-oEMpKOniKOsqg6YR9mxeNT//GcXB401yEKXF7ApRaLc=",
        "owner": "PetarKirov",
        "repo": "dlang.nix",
        "rev": "a0b2e8eb0f4a5f09cd3e97ff2d9e86be39b7eb2e",
        "type": "github"
      },
      "original": {
        "owner": "PetarKirov",
        "ref": "feat/ldc-wasm",
        "repo": "dlang.nix",
        "type": "github"
      }
    },
    "dmd-src": {
      "flake": false,
      "locked": {
        "lastModified": 1785744935,
        "narHash": "sha256-V5ZmFsn6P/VOPt7m+DeiTrG8qmXSXpyu62SKD5eQSpQ=",
        "owner": "PetarKirov",
        "repo": "dmd",
        "rev": "ea88375142644d2dc7755089357acdfdd69c6620",
        "type": "github"
      },
      "original": {
        "owner": "PetarKirov",
        "ref": "dmdserver-dub",
        "repo": "dmd",
        "type": "github"
      }
    },
    "dub-bolts": {
      "flake": false,
      "locked": {
        "narHash": "sha256-nGJOFeReFq+EtBXs6tTRbDg5WXFKMtMKuAEmgp//aAA=",
        "type": "file",
        "url": "https://code.dlang.org/packages/bolts/1.3.1.zip"
      },
      "original": {
        "type": "file",
        "url": "https://code.dlang.org/packages/bolts/1.3.1.zip"
      }
    },
    "dub-expected": {
      "flake": false,
      "locked": {
        "narHash": "sha256-uSpeNU8FFpvb11alGkSF6E5QH57rpUUf6FR5dEdQmkY=",
        "type": "file",
        "url": "https://code.dlang.org/packages/expected/0.4.1.zip"
      },
      "original": {
        "type": "file",
        "url": "https://code.dlang.org/packages/expected/0.4.1.zip"
      }
    },
    "dub-optional": {
      "flake": false,
      "locked": {
        "narHash": "sha256-o3HhSf3PndVgQE7wvwiw+68RO0Xah+SByTozADcPRcc=",
        "type": "file",
        "url": "https://code.dlang.org/packages/optional/1.3.1.zip"
      },
      "original": {
        "type": "file",
        "url": "https://code.dlang.org/packages/optional/1.3.1.zip"
      }
    },
    "dub-raylib-d": {
      "flake": false,
      "locked": {
        "narHash": "sha256-6t4SrmzR/8x1W+1v2EUY9phzlsppMCNkNs+xj0BlzN0=",
        "type": "file",
        "url": "https://code.dlang.org/packages/raylib-d/6.0.1.zip"
      },
      "original": {
        "type": "file",
        "url": "https://code.dlang.org/packages/raylib-d/6.0.1.zip"
      }
    },
    "flake-compat": {
      "flake": false,
      "locked": {
        "lastModified": 1767039857,
        "narHash": "sha256-vNpUSpF5Nuw8xvDLj2KCwwksIbjua2LZCqhV1LNRDns=",
        "owner": "edolstra",
        "repo": "flake-compat",
        "rev": "5edf11c44bc78a0d334f6334cdaf7d60d732daab",
        "type": "github"
      },
      "original": {
        "owner": "edolstra",
        "repo": "flake-compat",
        "type": "github"
      }
    },
    "flake-parts": {
      "inputs": {
        "nixpkgs-lib": "nixpkgs-lib"
      },
      "locked": {
        "lastModified": 1778716662,
        "narHash": "sha256-m1Yf0wZ8j1OHjTc2UwHwyQRSnNeSgLJOd7q5Y45hzi4=",
        "owner": "hercules-ci",
        "repo": "flake-parts",
        "rev": "f7c1a2d347e4c52d5fb8d10cb4d94b5884e546fb",
        "type": "github"
      },
      "original": {
        "owner": "hercules-ci",
        "repo": "flake-parts",
        "type": "github"
      }
    },
    "ghostty": {
      "inputs": {
        "flake-compat": [
          "flake-compat"
        ],
        "home-manager": "home-manager",
        "nixpkgs": [
          "nixpkgs"
        ],
        "systems": [
          "systems"
        ],
        "zig": "zig",
        "zon2nix": "zon2nix"
      },
      "locked": {
        "lastModified": 1781958653,
        "narHash": "sha256-ZfFT97HeJ/mToD2Qmyzai3AAayFBagovdEYF74k2TKI=",
        "owner": "ghostty-org",
        "repo": "ghostty",
        "rev": "4749c4e93731067049bfbf2e4572061cef2bdd17",
        "type": "github"
      },
      "original": {
        "owner": "ghostty-org",
        "repo": "ghostty",
        "type": "github"
      }
    },
    "git-hooks-nix": {
      "inputs": {
        "flake-compat": [
          "flake-compat"
        ],
        "gitignore": "gitignore",
        "nixpkgs": [
          "nixpkgs"
        ]
      },
      "locked": {
        "lastModified": 1781733627,
        "narHash": "sha256-U3yTuGBnmXvXoQI3qkpfEDsn9RovQPAjN7ndRco+3u0=",
        "owner": "cachix",
        "repo": "git-hooks.nix",
        "rev": "3bbec39bc90eadfa031e6f3b77272f3f60803e39",
        "type": "github"
      },
      "original": {
        "owner": "cachix",
        "repo": "git-hooks.nix",
        "type": "github"
      }
    },
    "gitignore": {
      "inputs": {
        "nixpkgs": [
          "git-hooks-nix",
          "nixpkgs"
        ]
      },
      "locked": {
        "lastModified": 1709087332,
        "narHash": "sha256-HG2cCnktfHsKV0s4XW83gU3F57gaTljL9KNSuG6bnQs=",
        "owner": "hercules-ci",
        "repo": "gitignore.nix",
        "rev": "637db329424fd7e46cf4185293b9cc8c88c95394",
        "type": "github"
      },
      "original": {
        "owner": "hercules-ci",
        "repo": "gitignore.nix",
        "type": "github"
      }
    },
    "glfw": {
      "flake": false,
      "locked": {
        "lastModified": 1786667580,
        "narHash": "sha256-wTm7e5vr9iE4C+TWUTbEH4NUwDjO7umhiRMEOHH+Ea4=",
        "owner": "PetarKirov",
        "repo": "glfw",
        "rev": "1e59848ba2856c25515a80f52e97c78d5412395e",
        "type": "github"
      },
      "original": {
        "owner": "PetarKirov",
        "ref": "wayland-cursor-shape-v1",
        "repo": "glfw",
        "type": "github"
      }
    },
    "home-manager": {
      "inputs": {
        "nixpkgs": [
          "ghostty",
          "nixpkgs"
        ]
      },
      "locked": {
        "lastModified": 1770586272,
        "narHash": "sha256-Ucci8mu8QfxwzyfER2DQDbvW9t1BnTUJhBmY7ybralo=",
        "owner": "nix-community",
        "repo": "home-manager",
        "rev": "b1f916ba052341edc1f80d4b2399f1092a4873ca",
        "type": "github"
      },
      "original": {
        "owner": "nix-community",
        "repo": "home-manager",
        "type": "github"
      }
    },
    "json-test-suite": {
      "flake": false,
      "locked": {
        "lastModified": 1732280141,
        "narHash": "sha256-s2yMgVWq2DwibAjOvLKhGDbEwXm4yke/g4mp7u565H4=",
        "owner": "nst",
        "repo": "JSONTestSuite",
        "rev": "1ef36fa01286573e846ac449e8683f8833c5b26a",
        "type": "github"
      },
      "original": {
        "owner": "nst",
        "repo": "JSONTestSuite",
        "type": "github"
      }
    },
    "ldc-windows-x64": {
      "flake": false,
      "locked": {
        "narHash": "sha256-scvuSRg6Ky+dOKqab/bfXiwCZYD1Cv70KpTe8A141wI=",
        "type": "file",
        "url": "https://github.com/ldc-developers/ldc/releases/download/v1.41.0/ldc2-1.41.0-windows-x64.7z"
      },
      "original": {
        "type": "file",
        "url": "https://github.com/ldc-developers/ldc/releases/download/v1.41.0/ldc2-1.41.0-windows-x64.7z"
      }
    },
    "maple-font": {
      "flake": false,
      "locked": {
        "lastModified": 1764937047,
        "narHash": "sha256-wsaE54TeI2EI9VO9Q7Czv9soScGomYIfrllhQQHey2E=",
        "owner": "subframe7536",
        "repo": "maple-font",
        "rev": "4d847729cbfc5b5d8cbae5795fd2348c70112648",
        "type": "github"
      },
      "original": {
        "owner": "subframe7536",
        "ref": "v7.9",
        "repo": "maple-font",
        "type": "github"
      }
    },
    "maple-font-cn-base": {
      "flake": false,
      "locked": {
        "narHash": "sha256-V1G5/6iT5l6dAyXfK0KtPdMRO8aRDrNkjt+vrfQWQEk=",
        "type": "file",
        "url": "https://github.com/subframe7536/maple-font/releases/download/cn-base/cn-base-static.zip"
      },
      "original": {
        "type": "file",
        "url": "https://github.com/subframe7536/maple-font/releases/download/cn-base/cn-base-static.zip"
      }
    },
    "nativejson-benchmark": {
      "flake": false,
      "locked": {
        "lastModified": 1666949541,
        "narHash": "sha256-85bfK5pYzVRVDbucksXKYQRWQk5yOwR/wEzoHGm7cdM=",
        "owner": "miloyip",
        "repo": "nativejson-benchmark",
        "rev": "478d5727c2a4048e835a29c65adecc7d795360d5",
        "type": "github"
      },
      "original": {
        "owner": "miloyip",
        "repo": "nativejson-benchmark",
        "type": "github"
      }
    },
    "nixpkgs": {
      "locked": {
        "lastModified": 1748929857,
        "narHash": "sha256-lcZQ8RhsmhsK8u7LIFsJhsLh/pzR9yZ8yqpTzyGdj+Q=",
        "owner": "NixOS",
        "repo": "nixpkgs",
        "rev": "c2a03962b8e24e669fb37b7df10e7c79531ff1a4",
        "type": "github"
      },
      "original": {
        "owner": "NixOS",
        "ref": "nixos-unstable",
        "repo": "nixpkgs",
        "type": "github"
      }
    },
    "nixpkgs-lib": {
      "locked": {
        "lastModified": 1777168982,
        "narHash": "sha256-GOkGPcboWE9BmGCRMLX3worL4EMnsnG8MyKmXNeYuhQ=",
        "owner": "nix-community",
        "repo": "nixpkgs.lib",
        "rev": "f5901329dade4a6ea039af1433fb087bd9c1fe14",
        "type": "github"
      },
      "original": {
        "owner": "nix-community",
        "repo": "nixpkgs.lib",
        "type": "github"
      }
    },
    "nixpkgs-wasm": {
      "locked": {
        "lastModified": 1777954456,
        "narHash": "sha256-hGdgeU2Nk87RAuZyYjyDjFL6LK7dAZN5RE9+hrDTkDU=",
        "owner": "NixOS",
        "repo": "nixpkgs",
        "rev": "549bd84d6279f9852cae6225e372cc67fb91a4c1",
        "type": "github"
      },
      "original": {
        "owner": "NixOS",
        "repo": "nixpkgs",
        "rev": "549bd84d6279f9852cae6225e372cc67fb91a4c1",
        "type": "github"
      }
    },
    "nixpkgs_2": {
      "locked": {
        "lastModified": 1786614733,
        "narHash": "sha256-1cVzxRB4HJX+VPQP2ZSRYiPufzCanYFFUjQt5XZCbs4=",
        "owner": "PetarKirov",
        "repo": "nixpkgs",
        "rev": "ba6feb57b22c11f3dee40a9fa504a6200327479b",
        "type": "github"
      },
      "original": {
        "owner": "PetarKirov",
        "ref": "glfw3-3.5.1",
        "repo": "nixpkgs",
        "type": "github"
      }
    },
    "phobos-src": {
      "flake": false,
      "locked": {
        "lastModified": 1774279965,
        "narHash": "sha256-Bx770VvpIjcJ+ZA9mhCAAPu+96sdFGuSxTSZ4LwksoM=",
        "owner": "dlang",
        "repo": "phobos",
        "rev": "8c9d000230f090aa2f552f27d96af7c474198513",
        "type": "github"
      },
      "original": {
        "owner": "dlang",
        "ref": "v2.113.0-beta.1",
        "repo": "phobos",
        "type": "github"
      }
    },
    "root": {
      "inputs": {
        "dlang-nix": "dlang-nix",
        "dmd-src": "dmd-src",
        "dub-bolts": "dub-bolts",
        "dub-expected": "dub-expected",
        "dub-optional": "dub-optional",
        "dub-raylib-d": "dub-raylib-d",
        "flake-compat": "flake-compat",
        "flake-parts": "flake-parts",
        "ghostty": "ghostty",
        "git-hooks-nix": "git-hooks-nix",
        "glfw": "glfw",
        "json-test-suite": "json-test-suite",
        "ldc-windows-x64": "ldc-windows-x64",
        "maple-font": "maple-font",
        "maple-font-cn-base": "maple-font-cn-base",
        "nativejson-benchmark": "nativejson-benchmark",
        "nixpkgs": "nixpkgs_2",
        "phobos-src": "phobos-src",
        "simdjson-src": "simdjson-src",
        "systems": "systems",
        "termbench-src": "termbench-src",
        "tree-sitter-d-src": "tree-sitter-d-src",
        "tree-sitter-sdl-src": "tree-sitter-sdl-src",
        "ufo-extractor-wheel": "ufo-extractor-wheel",
        "vtebench-src": "vtebench-src",
        "wcwidth-src": "wcwidth-src",
        "yyjson-src": "yyjson-src"
      }
    },
    "simdjson-src": {
      "flake": false,
      "locked": {
        "lastModified": 1622812953,
        "narHash": "sha256-83LuBNftMcx+DrZzh42cyugMWdV9RKe0syLXa8JxiVg=",
        "owner": "simdjson",
        "repo": "simdjson",
        "rev": "19c3b1315a2a6b8ab0a6b7335bb97269cbd0a448",
        "type": "github"
      },
      "original": {
        "owner": "simdjson",
        "repo": "simdjson",
        "type": "github"
      }
    },
    "systems": {
      "locked": {
        "lastModified": 1776166891,
        "narHash": "sha256-bI8yrEGjrohR5hkQox7UrxDH7XqrYMwI8SL/LrJ1+S8=",
        "owner": "nix-systems",
        "repo": "triplet",
        "rev": "6de7bc09397911ce03636afbcf6118745ab2cda0",
        "type": "github"
      },
      "original": {
        "owner": "nix-systems",
        "repo": "triplet",
        "type": "github"
      }
    },
    "termbench-src": {
      "flake": false,
      "locked": {
        "lastModified": 1689223254,
        "narHash": "sha256-t7Pp3rg8h1IXnX1QtZuJF122Pj9EZdTb6LqMQ5dTLlc=",
        "owner": "cmuratori",
        "repo": "termbench",
        "rev": "074fa615069ae4b53382d5f69143ef15fe1a8dc3",
        "type": "github"
      },
      "original": {
        "owner": "cmuratori",
        "repo": "termbench",
        "type": "github"
      }
    },
    "tree-sitter-d-src": {
      "flake": false,
      "locked": {
        "lastModified": 1786490166,
        "narHash": "sha256-Zc0283t4mk/iZbpCpd2BrdIfM+ftSoCZbDnMB08/6O4=",
        "owner": "PetarKirov",
        "repo": "tree-sitter-d",
        "rev": "065bbbf8acfc7e8ed1e2d99957d669837aec6778",
        "type": "github"
      },
      "original": {
        "owner": "PetarKirov",
        "ref": "feat/dub-single-file-injections",
        "repo": "tree-sitter-d",
        "type": "github"
      }
    },
    "tree-sitter-sdl-src": {
      "flake": false,
      "locked": {
        "lastModified": 1785965257,
        "narHash": "sha256-nECo6sACEfqPJf8gxrIu881jNXyuNyuuLQKzGMVY/h0=",
        "owner": "PetarKirov",
        "repo": "tree-sitter-sdl",
        "rev": "a9f54978d4fd3f5be947468fd707b4cddc3bf89f",
        "type": "github"
      },
      "original": {
        "owner": "PetarKirov",
        "ref": "v0.1.0",
        "repo": "tree-sitter-sdl",
        "type": "github"
      }
    },
    "ufo-extractor-wheel": {
      "flake": false,
      "locked": {
        "narHash": "sha256-p3YW0h3yHgcbFyrMh/L9g6KUWl559Kd0lDieOGTX7l0=",
        "type": "file",
        "url": "https://files.pythonhosted.org/packages/cd/cf/34b74c79439ac47ee16e129b709b1fe61ef20211175ac358a252ae50dd3b/ufo_extractor-0.8.1-py2.py3-none-any.whl"
      },
      "original": {
        "type": "file",
        "url": "https://files.pythonhosted.org/packages/cd/cf/34b74c79439ac47ee16e129b709b1fe61ef20211175ac358a252ae50dd3b/ufo_extractor-0.8.1-py2.py3-none-any.whl"
      }
    },
    "vtebench-src": {
      "flake": false,
      "locked": {
        "lastModified": 1736407433,
        "narHash": "sha256-Ck+ObdRlLrKyMHGaBYuzIQnSwezs1mHpZLOJrM4hc3A=",
        "owner": "alacritty",
        "repo": "vtebench",
        "rev": "ead80032e57dee2e75f0b51f2ea67528647d9944",
        "type": "github"
      },
      "original": {
        "owner": "alacritty",
        "repo": "vtebench",
        "type": "github"
      }
    },
    "wasm-component-ld": {
      "flake": false,
      "locked": {
        "lastModified": 1775250564,
        "narHash": "sha256-MS1Yy0mNtJ0Q3obuv2xaHsF5ldMMNhpeDM6jTEt8MnA=",
        "owner": "bytecodealliance",
        "repo": "wasm-component-ld",
        "rev": "c9e38b9bc181ce7a4f8b3d21edb48c47ddf197de",
        "type": "github"
      },
      "original": {
        "owner": "bytecodealliance",
        "ref": "v0.5.22",
        "repo": "wasm-component-ld",
        "type": "github"
      }
    },
    "wcwidth-src": {
      "flake": false,
      "locked": {
        "lastModified": 1580601600,
        "narHash": "sha256-s/kyDAE0jF53EDylCuhY5Je6Edjjl4pZim9YeoaJKo4=",
        "type": "tarball",
        "url": "https://files.pythonhosted.org/packages/source/w/wcwidth/wcwidth-0.8.2.tar.gz"
      },
      "original": {
        "type": "tarball",
        "url": "https://files.pythonhosted.org/packages/source/w/wcwidth/wcwidth-0.8.2.tar.gz"
      }
    },
    "yyjson-src": {
      "flake": false,
      "locked": {
        "lastModified": 1755542654,
        "narHash": "sha256-1CYnEgUMUc7eqdkv6M/KyL/MdVQBMov9HgLCycF6++w=",
        "owner": "ibireme",
        "repo": "yyjson",
        "rev": "8b4a38dc994a110abaec8a400615567bd996105f",
        "type": "github"
      },
      "original": {
        "owner": "ibireme",
        "ref": "0.12.0",
        "repo": "yyjson",
        "type": "github"
      }
    },
    "zig": {
      "inputs": {
        "flake-compat": [
          "ghostty",
          "flake-compat"
        ],
        "nixpkgs": [
          "ghostty",
          "nixpkgs"
        ],
        "systems": [
          "ghostty",
          "systems"
        ]
      },
      "locked": {
        "lastModified": 1776789209,
        "narHash": "sha256-G6B7Q4TXn7MZ1mB+f9rymjsYF5PLWoSvmbxijb/99bw=",
        "owner": "mitchellh",
        "repo": "zig-overlay",
        "rev": "14fe971844e841297ddd2ce9783d6892b467af39",
        "type": "github"
      },
      "original": {
        "owner": "mitchellh",
        "repo": "zig-overlay",
        "type": "github"
      }
    },
    "zig_2": {
      "inputs": {
        "nixpkgs": [
          "ghostty",
          "zon2nix",
          "nixpkgs"
        ]
      },
      "locked": {
        "lastModified": 1777234348,
        "narHash": "sha256-fKw44a4qbUuI5eTG8k0gPbqMV5TOrjYF35PBzsYgd2U=",
        "ref": "refs/heads/main",
        "rev": "2c781c0609ecda600ab98f98cca417bbd981bd53",
        "revCount": 1677,
        "type": "git",
        "url": "https://codeberg.org/jcollie/zig-overlay.git"
      },
      "original": {
        "type": "git",
        "url": "https://codeberg.org/jcollie/zig-overlay.git"
      }
    },
    "zon2nix": {
      "inputs": {
        "nixpkgs": [
          "ghostty",
          "nixpkgs"
        ],
        "zig": "zig_2"
      },
      "locked": {
        "lastModified": 1777314365,
        "narHash": "sha256-eLxQaD0wc96Neqkln8wHS0rNq/chPODifFkhwrwilEU=",
        "owner": "jcollie",
        "repo": "zon2nix",
        "rev": "a5a1d412ad1ab6305511997bbc92b3a9dd6cb784",
        "type": "github"
      },
      "original": {
        "owner": "jcollie",
        "ref": "main",
        "repo": "zon2nix",
        "type": "github"
      }
    }
  },
  "root": "root",
  "version": 7
}
