# This file is automatically @generated by Cargo.
# It is not intended for manual editing.
version = 4

[[package]]
name = "flexpect"
version = "0.1.1"
source = "registry+https://github.com/rust-lang/crates.io-index"
checksum = "91463e4ffff882636c3bf769011bd013857c57c9485cd0e8f3be0cace23ef7db"
dependencies = [
 "rustversion",
]

[[package]]
name = "rustversion"
version = "1.0.23"
source = "registry+https://github.com/rust-lang/crates.io-index"
checksum = "cf54715a573b99ac80df0bc206da022bcd442c974952c7b9720069370852e21f"

[[package]]
name = "simdutf8"
version = "0.1.5"
dependencies = [
 "flexpect",
 "rustversion",
]

[[package]]
name = "utf-bench-rust"
version = "0.1.0"
dependencies = [
 "simdutf8",
 "xutf",
]

[[package]]
name = "xutf"
version = "1.5.0"
