# This file is generated by running "yarn install" inside your project.
# Manual changes might be lost - proceed with caution!

__metadata:
  version: 10
  cacheKey: 10c0

"@shikijs/core@npm:3.23.0":
  version: 3.23.0
  resolution: "@shikijs/core@npm:3.23.0"
  dependencies:
    "@shikijs/types": "npm:3.23.0"
    "@shikijs/vscode-textmate": "npm:^10.0.2"
    "@types/hast": "npm:^3.0.4"
    hast-util-to-html: "npm:^9.0.5"
  checksum: 10c0/c595f1f2ec09cab102d2b3e03a3c64bfaace5fe52760cfbcced961d3e16571aa646c7e6f85b3d2d0242efd2c832ce4d150b5f1b7332982c17cfbe72f32bd0850
  languageName: node
  linkType: hard

"@shikijs/engine-javascript@npm:3.23.0":
  version: 3.23.0
  resolution: "@shikijs/engine-javascript@npm:3.23.0"
  dependencies:
    "@shikijs/types": "npm:3.23.0"
    "@shikijs/vscode-textmate": "npm:^10.0.2"
    oniguruma-to-es: "npm:^4.3.4"
  checksum: 10c0/884ebb7f66312c9f43e71fb33a3ac0e52f925fc6932de9f68f1bf171019c011c988a4bc0217212589985b1e1bc49452ed67eacbf3d74200b4a3725f11fd8ad98
  languageName: node
  linkType: hard

"@shikijs/engine-oniguruma@npm:3.23.0":
  version: 3.23.0
  resolution: "@shikijs/engine-oniguruma@npm:3.23.0"
  dependencies:
    "@shikijs/types": "npm:3.23.0"
    "@shikijs/vscode-textmate": "npm:^10.0.2"
  checksum: 10c0/40dbda7aef55d5946c45b8cfe56f484eadb611f9f7c9eb77ff21f0dfce2bcc775686a61eda9e06401ddd71195945a522293f51d6522fce49244b1a6b9c0f61f7
  languageName: node
  linkType: hard

"@shikijs/langs@npm:3.23.0":
  version: 3.23.0
  resolution: "@shikijs/langs@npm:3.23.0"
  dependencies:
    "@shikijs/types": "npm:3.23.0"
  checksum: 10c0/513b90cfee0fa167d2063b7fbc2318b303a604f2e1fa156aa8b4659b49792401531a74acf68de622ecfff15738e1947a46cfe92a32fcd6a4ee5e70bcf1d06c66
  languageName: node
  linkType: hard

"@shikijs/themes@npm:3.23.0":
  version: 3.23.0
  resolution: "@shikijs/themes@npm:3.23.0"
  dependencies:
    "@shikijs/types": "npm:3.23.0"
  checksum: 10c0/5c99036d4a765765018f9106a354ebe5ccac204c69f00e3cda265828d493f005412659213f6574fa0e187c7d4437b3327bd6dad2e2146b2c472d2bf493d790dd
  languageName: node
  linkType: hard

"@shikijs/twoslash@npm:^3.0.0":
  version: 3.23.0
  resolution: "@shikijs/twoslash@npm:3.23.0"
  dependencies:
    "@shikijs/core": "npm:3.23.0"
    "@shikijs/types": "npm:3.23.0"
    twoslash: "npm:^0.3.6"
  peerDependencies:
    typescript: ">=5.5.0"
  checksum: 10c0/a2d65e414691092fef57ef01c467e341f4519dd707416f8b5222d8850ae1a9fcd2e93660fd61288273b3e9b2fcd3291aec38b0a11a3f0785f8f21e5f239a2d83
  languageName: node
  linkType: hard

"@shikijs/types@npm:3.23.0":
  version: 3.23.0
  resolution: "@shikijs/types@npm:3.23.0"
  dependencies:
    "@shikijs/vscode-textmate": "npm:^10.0.2"
    "@types/hast": "npm:^3.0.4"
  checksum: 10c0/bd0d1593f830a6b4e55c77871ec1b95cc44855d6e0e26282a948a3c58827237826e4110af27eb4d3231361f1e182c4410434a1dc15ec40aea988dc92dc97e9d6
  languageName: node
  linkType: hard

"@shikijs/vscode-textmate@npm:^10.0.2":
  version: 10.0.2
  resolution: "@shikijs/vscode-textmate@npm:10.0.2"
  checksum: 10c0/36b682d691088ec244de292dc8f91b808f95c89466af421cf84cbab92230f03c8348649c14b3251991b10ce632b0c715e416e992dd5f28ff3221dc2693fd9462
  languageName: node
  linkType: hard

"@types/hast@npm:^3.0.0, @types/hast@npm:^3.0.4":
  version: 3.0.5
  resolution: "@types/hast@npm:3.0.5"
  dependencies:
    "@types/unist": "npm:*"
  checksum: 10c0/f3af8594a6903a507ed191eda944af18099198d6708c29102ae17118c3e20779f6929e91ed37e033541fd28d58055d8a5910a4366dbdf976cf81b13a464741fb
  languageName: node
  linkType: hard

"@types/mdast@npm:^4.0.0":
  version: 4.0.4
  resolution: "@types/mdast@npm:4.0.4"
  dependencies:
    "@types/unist": "npm:*"
  checksum: 10c0/84f403dbe582ee508fd9c7643ac781ad8597fcbfc9ccb8d4715a2c92e4545e5772cbd0dbdf18eda65789386d81b009967fdef01b24faf6640f817287f54d9c82
  languageName: node
  linkType: hard

"@types/unist@npm:*, @types/unist@npm:^3.0.0":
  version: 3.0.3
  resolution: "@types/unist@npm:3.0.3"
  checksum: 10c0/2b1e4adcab78388e088fcc3c0ae8700f76619dbcb4741d7d201f87e2cb346bfc29a89003cfea2d76c996e1061452e14fcd737e8b25aacf949c1f2d6b2bc3dd60
  languageName: node
  linkType: hard

"@typescript/vfs@npm:^1.6.4":
  version: 1.6.5
  resolution: "@typescript/vfs@npm:1.6.5"
  dependencies:
    debug: "npm:^4.4.3"
  peerDependencies:
    typescript: "*"
  checksum: 10c0/c8631a2a28984d43026898d22f41d50301e1c7d1485c00d4cf32c1470cba6cd8f37a766815c6799e3a62c583b48dec076c3307b5c34542f7ab08481941bb244b
  languageName: node
  linkType: hard

"@ungap/structured-clone@npm:^1.0.0":
  version: 1.4.0
  resolution: "@ungap/structured-clone@npm:1.4.0"
  checksum: 10c0/be74a389850d02901c836c07f10c1070d7604dab4070ba3c4b77c91665b90b4175d9f186189a02a399cf054fc051d3251418238564a4491d0164969e05c802a2
  languageName: node
  linkType: hard

"boolbase@npm:^1.0.0":
  version: 1.0.0
  resolution: "boolbase@npm:1.0.0"
  checksum: 10c0/e4b53deb4f2b85c52be0e21a273f2045c7b6a6ea002b0e139c744cb6f95e9ec044439a52883b0d74dedd1ff3da55ed140cfdddfed7fb0cccbed373de5dce1bcf
  languageName: node
  linkType: hard

"ccount@npm:^2.0.0":
  version: 2.0.1
  resolution: "ccount@npm:2.0.1"
  checksum: 10c0/3939b1664390174484322bc3f45b798462e6c07ee6384cb3d645e0aa2f318502d174845198c1561930e1d431087f74cf1fe291ae9a4722821a9f4ba67e574350
  languageName: node
  linkType: hard

"character-entities-html4@npm:^2.0.0":
  version: 2.1.0
  resolution: "character-entities-html4@npm:2.1.0"
  checksum: 10c0/fe61b553f083400c20c0b0fd65095df30a0b445d960f3bbf271536ae6c3ba676f39cb7af0b4bf2755812f08ab9b88f2feed68f9aebb73bb153f7a115fe5c6e40
  languageName: node
  linkType: hard

"character-entities-legacy@npm:^3.0.0":
  version: 3.0.0
  resolution: "character-entities-legacy@npm:3.0.0"
  checksum: 10c0/ec4b430af873661aa754a896a2b55af089b4e938d3d010fad5219299a6b6d32ab175142699ee250640678cd64bdecd6db3c9af0b8759ab7b155d970d84c4c7d1
  languageName: node
  linkType: hard

"comma-separated-tokens@npm:^2.0.0":
  version: 2.0.3
  resolution: "comma-separated-tokens@npm:2.0.3"
  checksum: 10c0/91f90f1aae320f1755d6957ef0b864fe4f54737f3313bd95e0802686ee2ca38bff1dd381964d00ae5db42912dd1f4ae5c2709644e82706ffc6f6842a813cdd67
  languageName: node
  linkType: hard

"css-select@npm:^5.1.0":
  version: 5.2.2
  resolution: "css-select@npm:5.2.2"
  dependencies:
    boolbase: "npm:^1.0.0"
    css-what: "npm:^6.1.0"
    domhandler: "npm:^5.0.2"
    domutils: "npm:^3.0.1"
    nth-check: "npm:^2.0.1"
  checksum: 10c0/d79fffa97106007f2802589f3ed17b8c903f1c961c0fc28aa8a051eee0cbad394d8446223862efd4c1b40445a6034f626bb639cf2035b0bfc468544177593c99
  languageName: node
  linkType: hard

"css-what@npm:^6.1.0":
  version: 6.2.2
  resolution: "css-what@npm:6.2.2"
  checksum: 10c0/91e24c26fb977b4ccef30d7007d2668c1c10ac0154cc3f42f7304410e9594fb772aea4f30c832d2993b132ca8d99338050866476210316345ec2e7d47b248a56
  languageName: node
  linkType: hard

"debug@npm:^4.4.3":
  version: 4.4.3
  resolution: "debug@npm:4.4.3"
  dependencies:
    ms: "npm:^2.1.3"
  peerDependenciesMeta:
    supports-color:
      optional: true
  checksum: 10c0/d79136ec6c83ecbefd0f6a5593da6a9c91ec4d7ddc4b54c883d6e71ec9accb5f67a1a5e96d00a328196b5b5c86d365e98d8a3a70856aaf16b4e7b1985e67f5a6
  languageName: node
  linkType: hard

"dequal@npm:^2.0.0":
  version: 2.0.3
  resolution: "dequal@npm:2.0.3"
  checksum: 10c0/f98860cdf58b64991ae10205137c0e97d384c3a4edc7f807603887b7c4b850af1224a33d88012009f150861cbee4fa2d322c4cc04b9313bee312e47f6ecaa888
  languageName: node
  linkType: hard

"devlop@npm:^1.0.0":
  version: 1.1.0
  resolution: "devlop@npm:1.1.0"
  dependencies:
    dequal: "npm:^2.0.0"
  checksum: 10c0/e0928ab8f94c59417a2b8389c45c55ce0a02d9ac7fd74ef62d01ba48060129e1d594501b77de01f3eeafc7cb00773819b0df74d96251cf20b31c5b3071f45c0e
  languageName: node
  linkType: hard

"dom-serializer@npm:^2.0.0":
  version: 2.0.0
  resolution: "dom-serializer@npm:2.0.0"
  dependencies:
    domelementtype: "npm:^2.3.0"
    domhandler: "npm:^5.0.2"
    entities: "npm:^4.2.0"
  checksum: 10c0/d5ae2b7110ca3746b3643d3ef60ef823f5f078667baf530cec096433f1627ec4b6fa8c072f09d079d7cda915fd2c7bc1b7b935681e9b09e591e1e15f4040b8e2
  languageName: node
  linkType: hard

"domelementtype@npm:^2.3.0":
  version: 2.3.0
  resolution: "domelementtype@npm:2.3.0"
  checksum: 10c0/686f5a9ef0fff078c1412c05db73a0dce096190036f33e400a07e2a4518e9f56b1e324f5c576a0a747ef0e75b5d985c040b0d51945ce780c0dd3c625a18cd8c9
  languageName: node
  linkType: hard

"domhandler@npm:^5.0.2, domhandler@npm:^5.0.3":
  version: 5.0.3
  resolution: "domhandler@npm:5.0.3"
  dependencies:
    domelementtype: "npm:^2.3.0"
  checksum: 10c0/bba1e5932b3e196ad6862286d76adc89a0dbf0c773e5ced1eb01f9af930c50093a084eff14b8de5ea60b895c56a04d5de8bbc4930c5543d029091916770b2d2a
  languageName: node
  linkType: hard

"domutils@npm:^3.0.1":
  version: 3.2.2
  resolution: "domutils@npm:3.2.2"
  dependencies:
    dom-serializer: "npm:^2.0.0"
    domelementtype: "npm:^2.3.0"
    domhandler: "npm:^5.0.3"
  checksum: 10c0/47938f473b987ea71cd59e59626eb8666d3aa8feba5266e45527f3b636c7883cca7e582d901531961f742c519d7514636b7973353b648762b2e3bedbf235fada
  languageName: node
  linkType: hard

"entities@npm:^4.2.0":
  version: 4.5.0
  resolution: "entities@npm:4.5.0"
  checksum: 10c0/5b039739f7621f5d1ad996715e53d964035f75ad3b9a4d38c6b3804bb226e282ffeae2443624d8fdd9c47d8e926ae9ac009c54671243f0c3294c26af7cc85250
  languageName: node
  linkType: hard

"hast-util-to-html@npm:^9.0.5":
  version: 9.0.5
  resolution: "hast-util-to-html@npm:9.0.5"
  dependencies:
    "@types/hast": "npm:^3.0.0"
    "@types/unist": "npm:^3.0.0"
    ccount: "npm:^2.0.0"
    comma-separated-tokens: "npm:^2.0.0"
    hast-util-whitespace: "npm:^3.0.0"
    html-void-elements: "npm:^3.0.0"
    mdast-util-to-hast: "npm:^13.0.0"
    property-information: "npm:^7.0.0"
    space-separated-tokens: "npm:^2.0.0"
    stringify-entities: "npm:^4.0.0"
    zwitch: "npm:^2.0.4"
  checksum: 10c0/b7a08c30bab4371fc9b4a620965c40b270e5ae7a8e94cf885f43b21705179e28c8e43b39c72885d1647965fb3738654e6962eb8b58b0c2a84271655b4d748836
  languageName: node
  linkType: hard

"hast-util-whitespace@npm:^3.0.0":
  version: 3.0.0
  resolution: "hast-util-whitespace@npm:3.0.0"
  dependencies:
    "@types/hast": "npm:^3.0.0"
  checksum: 10c0/b898bc9fe27884b272580d15260b6bbdabe239973a147e97fa98c45fa0ffec967a481aaa42291ec34fb56530dc2d484d473d7e2bae79f39c83f3762307edfea8
  languageName: node
  linkType: hard

"he@npm:1.2.0":
  version: 1.2.0
  resolution: "he@npm:1.2.0"
  bin:
    he: bin/he
  checksum: 10c0/a27d478befe3c8192f006cdd0639a66798979dfa6e2125c6ac582a19a5ebfec62ad83e8382e6036170d873f46e4536a7e795bf8b95bf7c247f4cc0825ccc8c17
  languageName: node
  linkType: hard

"html-void-elements@npm:^3.0.0":
  version: 3.0.0
  resolution: "html-void-elements@npm:3.0.0"
  checksum: 10c0/a8b9ec5db23b7c8053876dad73a0336183e6162bf6d2677376d8b38d654fdc59ba74fdd12f8812688f7db6fad451210c91b300e472afc0909224e0a44c8610d2
  languageName: node
  linkType: hard

"mdast-util-to-hast@npm:^13.0.0":
  version: 13.2.1
  resolution: "mdast-util-to-hast@npm:13.2.1"
  dependencies:
    "@types/hast": "npm:^3.0.0"
    "@types/mdast": "npm:^4.0.0"
    "@ungap/structured-clone": "npm:^1.0.0"
    devlop: "npm:^1.0.0"
    micromark-util-sanitize-uri: "npm:^2.0.0"
    trim-lines: "npm:^3.0.0"
    unist-util-position: "npm:^5.0.0"
    unist-util-visit: "npm:^5.0.0"
    vfile: "npm:^6.0.0"
  checksum: 10c0/3eeaf28a5e84e1e08e6d54a1a8a06c0fca88cb5d36f4cf8086f0177248d1ce6e4e751f4ad0da19a3dea1c6ea61bd80784acc3ae021e44ceeb21aa5413a375e43
  languageName: node
  linkType: hard

"micromark-util-character@npm:^2.0.0":
  version: 2.1.1
  resolution: "micromark-util-character@npm:2.1.1"
  dependencies:
    micromark-util-symbol: "npm:^2.0.0"
    micromark-util-types: "npm:^2.0.0"
  checksum: 10c0/d3fe7a5e2c4060fc2a076f9ce699c82a2e87190a3946e1e5eea77f563869b504961f5668d9c9c014724db28ac32fa909070ea8b30c3a39bd0483cc6c04cc76a1
  languageName: node
  linkType: hard

"micromark-util-encode@npm:^2.0.0":
  version: 2.0.1
  resolution: "micromark-util-encode@npm:2.0.1"
  checksum: 10c0/b2b29f901093845da8a1bf997ea8b7f5e061ffdba85070dfe14b0197c48fda64ffcf82bfe53c90cf9dc185e69eef8c5d41cae3ba918b96bc279326921b59008a
  languageName: node
  linkType: hard

"micromark-util-sanitize-uri@npm:^2.0.0":
  version: 2.0.1
  resolution: "micromark-util-sanitize-uri@npm:2.0.1"
  dependencies:
    micromark-util-character: "npm:^2.0.0"
    micromark-util-encode: "npm:^2.0.0"
    micromark-util-symbol: "npm:^2.0.0"
  checksum: 10c0/60e92166e1870fd4f1961468c2651013ff760617342918e0e0c3c4e872433aa2e60c1e5a672bfe5d89dc98f742d6b33897585cf86ae002cda23e905a3c02527c
  languageName: node
  linkType: hard

"micromark-util-symbol@npm:^2.0.0":
  version: 2.0.1
  resolution: "micromark-util-symbol@npm:2.0.1"
  checksum: 10c0/f2d1b207771e573232436618e78c5e46cd4b5c560dd4a6d63863d58018abbf49cb96ec69f7007471e51434c60de3c9268ef2bf46852f26ff4aacd10f9da16fe9
  languageName: node
  linkType: hard

"micromark-util-types@npm:^2.0.0":
  version: 2.0.2
  resolution: "micromark-util-types@npm:2.0.2"
  checksum: 10c0/c8c15b96c858db781c4393f55feec10004bf7df95487636c9a9f7209e51002a5cca6a047c5d2a5dc669ff92da20e57aaa881e81a268d9ccadb647f9dce305298
  languageName: node
  linkType: hard

"ms@npm:^2.1.3":
  version: 2.1.3
  resolution: "ms@npm:2.1.3"
  checksum: 10c0/d924b57e7312b3b63ad21fc5b3dc0af5e78d61a1fc7cfb5457edaf26326bf62be5307cc87ffb6862ef1c2b33b0233cdb5d4f01c4c958cc0d660948b65a287a48
  languageName: node
  linkType: hard

"node-html-parser@npm:^7.0.0":
  version: 7.1.0
  resolution: "node-html-parser@npm:7.1.0"
  dependencies:
    css-select: "npm:^5.1.0"
    he: "npm:1.2.0"
  checksum: 10c0/8bee2616de374bb6f43b62cc8523f6d923cd199b2b7a42c6cf2ca503f1e89c32fb44195bd5af17d6fde1b992ad62c24465b29437213ae25f7770261fc9819173
  languageName: node
  linkType: hard

"nth-check@npm:^2.0.1":
  version: 2.1.1
  resolution: "nth-check@npm:2.1.1"
  dependencies:
    boolbase: "npm:^1.0.0"
  checksum: 10c0/5fee7ff309727763689cfad844d979aedd2204a817fbaaf0e1603794a7c20db28548d7b024692f953557df6ce4a0ee4ae46cd8ebd9b36cfb300b9226b567c479
  languageName: node
  linkType: hard

"oniguruma-parser@npm:^0.12.2":
  version: 0.12.2
  resolution: "oniguruma-parser@npm:0.12.2"
  checksum: 10c0/fe5255d2cd5a6b845d5a0abe1725898ef40cea5522290dba6ccc08cc388891e9e8007af4baa5059942b786ad44b2b677ef25948039c9ba3f057bd35d2c52076a
  languageName: node
  linkType: hard

"oniguruma-to-es@npm:^4.3.4":
  version: 4.3.6
  resolution: "oniguruma-to-es@npm:4.3.6"
  dependencies:
    oniguruma-parser: "npm:^0.12.2"
    regex: "npm:^6.1.0"
    regex-recursion: "npm:^6.0.2"
  checksum: 10c0/044e08b98e706987c2882ccf228de2a671de4aff33e3bd370da137ba599c0d520549625ad26ecc8898502445c991e19f106f584e94382262ba2af02c908ca3cf
  languageName: node
  linkType: hard

"property-information@npm:^7.0.0":
  version: 7.2.0
  resolution: "property-information@npm:7.2.0"
  checksum: 10c0/03662c8f9e1544510914c5e594ae72963f67d261027a5fdc06c4134742584fe40dd49b959470d30e757e9fb70b297d8546ab1362a040364144029926ad4e07c4
  languageName: node
  linkType: hard

"regex-recursion@npm:^6.0.2":
  version: 6.0.2
  resolution: "regex-recursion@npm:6.0.2"
  dependencies:
    regex-utilities: "npm:^2.3.0"
  checksum: 10c0/68e8b6889680e904b75d7f26edaf70a1a4dc1087406bff53face4c2929d918fd77c72223843fe816ac8ed9964f96b4160650e8d5909e26a998c6e9de324dadb1
  languageName: node
  linkType: hard

"regex-utilities@npm:^2.3.0":
  version: 2.3.0
  resolution: "regex-utilities@npm:2.3.0"
  checksum: 10c0/78c550a80a0af75223244fff006743922591bd8f61d91fef7c86b9b56cf9bbf8ee5d7adb6d8991b5e304c57c90103fc4818cf1e357b11c6c669b782839bd7893
  languageName: node
  linkType: hard

"regex@npm:^6.1.0":
  version: 6.1.0
  resolution: "regex@npm:6.1.0"
  dependencies:
    regex-utilities: "npm:^2.3.0"
  checksum: 10c0/6e0ee2a1c17d5a66dc1120dfc51899dedf6677857e83a0df4d5a822ebb8645a54a079772efc1ade382b67aad35e4e22b5bd2d33c05ed28b0e000f8f57eb0aec1
  languageName: node
  linkType: hard

"shiki@npm:^3.0.0":
  version: 3.23.0
  resolution: "shiki@npm:3.23.0"
  dependencies:
    "@shikijs/core": "npm:3.23.0"
    "@shikijs/engine-javascript": "npm:3.23.0"
    "@shikijs/engine-oniguruma": "npm:3.23.0"
    "@shikijs/langs": "npm:3.23.0"
    "@shikijs/themes": "npm:3.23.0"
    "@shikijs/types": "npm:3.23.0"
    "@shikijs/vscode-textmate": "npm:^10.0.2"
    "@types/hast": "npm:^3.0.4"
  checksum: 10c0/b06a3eddac4bd0a838f9bd79bea70b0a01195570cb11d70fd2ff7ab0a42c33a8c4980ee52174173aae0476cc152b4c1a68c081a82d94ee340cb3ef9d772ae4ba
  languageName: node
  linkType: hard

"space-separated-tokens@npm:^2.0.0":
  version: 2.0.2
  resolution: "space-separated-tokens@npm:2.0.2"
  checksum: 10c0/6173e1d903dca41dcab6a2deed8b4caf61bd13b6d7af8374713500570aa929ff9414ae09a0519f4f8772df993300305a395d4871f35bc4ca72b6db57e1f30af8
  languageName: node
  linkType: hard

"sparkles-twoslash-fixtures@workspace:.":
  version: 0.0.0-use.local
  resolution: "sparkles-twoslash-fixtures@workspace:."
  dependencies:
    "@shikijs/twoslash": "npm:^3.0.0"
    node-html-parser: "npm:^7.0.0"
    shiki: "npm:^3.0.0"
    twoslash: "npm:^0.3.9"
    typescript: "npm:^5.9.0"
  languageName: unknown
  linkType: soft

"stringify-entities@npm:^4.0.0":
  version: 4.0.4
  resolution: "stringify-entities@npm:4.0.4"
  dependencies:
    character-entities-html4: "npm:^2.0.0"
    character-entities-legacy: "npm:^3.0.0"
  checksum: 10c0/537c7e656354192406bdd08157d759cd615724e9d0873602d2c9b2f6a5c0a8d0b1d73a0a08677848105c5eebac6db037b57c0b3a4ec86331117fa7319ed50448
  languageName: node
  linkType: hard

"trim-lines@npm:^3.0.0":
  version: 3.0.1
  resolution: "trim-lines@npm:3.0.1"
  checksum: 10c0/3a1611fa9e52aa56a94c69951a9ea15b8aaad760eaa26c56a65330dc8adf99cb282fc07cc9d94968b7d4d88003beba220a7278bbe2063328eb23fb56f9509e94
  languageName: node
  linkType: hard

"twoslash-protocol@npm:0.3.9":
  version: 0.3.9
  resolution: "twoslash-protocol@npm:0.3.9"
  checksum: 10c0/e56d32c408cba896b0d913a092c52de027e91f777a7a356b220d2f2403bd22d78306dfbdc98c6231710971d26f1402ab43506e895c461970f3bb59049f857eaf
  languageName: node
  linkType: hard

"twoslash@npm:^0.3.6, twoslash@npm:^0.3.9":
  version: 0.3.9
  resolution: "twoslash@npm:0.3.9"
  dependencies:
    "@typescript/vfs": "npm:^1.6.4"
    twoslash-protocol: "npm:0.3.9"
  peerDependencies:
    typescript: ^5.5.0 || ^6.0.0
  checksum: 10c0/7dd13c87d1508dafbd342896c304b9a51a0f3301fe6f3661b183a6f76a608feade8edb6388f3df82999cb478ea3f944a43559d450790f8645c05860367e36c73
  languageName: node
  linkType: hard

"typescript@npm:^5.9.0":
  version: 5.9.3
  resolution: "typescript@npm:5.9.3"
  bin:
    tsc: bin/tsc
    tsserver: bin/tsserver
  checksum: 10c0/6bd7552ce39f97e711db5aa048f6f9995b53f1c52f7d8667c1abdc1700c68a76a308f579cd309ce6b53646deb4e9a1be7c813a93baaf0a28ccd536a30270e1c5
  languageName: node
  linkType: hard

"typescript@patch:typescript@npm%3A^5.9.0#optional!builtin<compat/typescript>":
  version: 5.9.3
  resolution: "typescript@patch:typescript@npm%3A5.9.3#optional!builtin<compat/typescript>::version=5.9.3&hash=5786d5"
  bin:
    tsc: bin/tsc
    tsserver: bin/tsserver
  checksum: 10c0/ad09fdf7a756814dce65bc60c1657b40d44451346858eea230e10f2e95a289d9183b6e32e5c11e95acc0ccc214b4f36289dcad4bf1886b0adb84d711d336a430
  languageName: node
  linkType: hard

"unist-util-is@npm:^6.0.0":
  version: 6.0.1
  resolution: "unist-util-is@npm:6.0.1"
  dependencies:
    "@types/unist": "npm:^3.0.0"
  checksum: 10c0/5a487d390193811d37a68264e204dbc7c15c40b8fc29b5515a535d921d071134f571d7b5cbd59bcd58d5ce1c0ab08f20fc4a1f0df2287a249c979267fc32ce06
  languageName: node
  linkType: hard

"unist-util-position@npm:^5.0.0":
  version: 5.0.0
  resolution: "unist-util-position@npm:5.0.0"
  dependencies:
    "@types/unist": "npm:^3.0.0"
  checksum: 10c0/dde3b31e314c98f12b4dc6402f9722b2bf35e96a4f2d463233dd90d7cde2d4928074a7a11eff0a5eb1f4e200f27fc1557e0a64a7e8e4da6558542f251b1b7400
  languageName: node
  linkType: hard

"unist-util-stringify-position@npm:^4.0.0":
  version: 4.0.0
  resolution: "unist-util-stringify-position@npm:4.0.0"
  dependencies:
    "@types/unist": "npm:^3.0.0"
  checksum: 10c0/dfe1dbe79ba31f589108cb35e523f14029b6675d741a79dea7e5f3d098785045d556d5650ec6a8338af11e9e78d2a30df12b1ee86529cded1098da3f17ee999e
  languageName: node
  linkType: hard

"unist-util-visit-parents@npm:^6.0.0":
  version: 6.0.2
  resolution: "unist-util-visit-parents@npm:6.0.2"
  dependencies:
    "@types/unist": "npm:^3.0.0"
    unist-util-is: "npm:^6.0.0"
  checksum: 10c0/f1e4019dbd930301825895e3737b1ee0cd682f7622ddd915062135cbb39f8c090aaece3a3b5eae1f2ea52ec33f0931abb8f8a8b5c48a511a4203e3d360a8cd49
  languageName: node
  linkType: hard

"unist-util-visit@npm:^5.0.0":
  version: 5.1.0
  resolution: "unist-util-visit@npm:5.1.0"
  dependencies:
    "@types/unist": "npm:^3.0.0"
    unist-util-is: "npm:^6.0.0"
    unist-util-visit-parents: "npm:^6.0.0"
  checksum: 10c0/a56e1bbbf63fcb55abe379e660b9a3367787e8be1e2473bdb7e86cfa6f32b6c1fa0092432d7040b8a30b2fc674bbbe024ffe6d03c3d6bf4839b064f584463a4e
  languageName: node
  linkType: hard

"vfile-message@npm:^4.0.0":
  version: 4.0.3
  resolution: "vfile-message@npm:4.0.3"
  dependencies:
    "@types/unist": "npm:^3.0.0"
    unist-util-stringify-position: "npm:^4.0.0"
  checksum: 10c0/33d9f219610d27987689bb14fa5573d2daa146941d1a05416dd7702c4215b23f44ed81d059e70d0e4e24f9a57d5f4dc9f18d35a993f04cf9446a7abe6d72d0c0
  languageName: node
  linkType: hard

"vfile@npm:^6.0.0":
  version: 6.0.3
  resolution: "vfile@npm:6.0.3"
  dependencies:
    "@types/unist": "npm:^3.0.0"
    vfile-message: "npm:^4.0.0"
  checksum: 10c0/e5d9eb4810623f23758cfc2205323e33552fb5972e5c2e6587babe08fe4d24859866277404fb9e2a20afb71013860d96ec806cb257536ae463c87d70022ab9ef
  languageName: node
  linkType: hard

"zwitch@npm:^2.0.4":
  version: 2.0.4
  resolution: "zwitch@npm:2.0.4"
  checksum: 10c0/3c7830cdd3378667e058ffdb4cf2bb78ac5711214e2725900873accb23f3dfe5f9e7e5a06dcdc5f29605da976fc45c26d9a13ca334d6eea2245a15e77b8fc06e
  languageName: node
  linkType: hard
